
Microsoft Visual Studio Solution File, Format Version 12.00
# Visual Studio Version 17
VisualStudioVersion = 17.0.31903.59
MinimumVisualStudioVersion = 10.0.40219.1
Project("{FAE04EC0-301F-11D3-BF4B-00C04F79EFBC}") = "project1", "project1\project1.csproj", "{D2FFB4BB-0954-46CE-8FCA-71C075FC2A96}"
EndProject
Global
	GlobalSection(SolutionConfigurationPlatforms) = preSolution
		Debug|Any CPU = Debug|Any CPU
		Release|Any CPU = Release|Any CPU
	EndGlobalSection
	GlobalSection(ProjectConfigurationPlatforms) = postSolution
		{D2FFB4BB-0954-46CE-8FCA-71C075FC2A96}.Debug|Any CPU.ActiveCfg = Debug|Any CPU
		{D2FFB4BB-0954-46CE-8FCA-71C075FC2A96}.Debug|Any CPU.Build.0 = Debug|Any CPU
		{D2FFB4BB-0954-46CE-8FCA-71C075FC2A96}.Release|Any CPU.ActiveCfg = Release|Any CPU
		{D2FFB4BB-0954-46CE-8FCA-71C075FC2A96}.Release|Any CPU.Build.0 = Release|Any CPU
	EndGlobalSection
	GlobalSection(SolutionProperties) = preSolution
		HideSolutionNode = FALSE
	EndGlobalSection
	GlobalSection(ExtensibilityGlobals) = postSolution
		SolutionGuid = {26C7320B-36CD-4B9F-8165-B25F2D1949B4}
	EndGlobalSection
EndGlobal
